
Microsoft Visual Studio Solution File, Format Version 12.00
# Visual Studio Version 17
VisualStudioVersion = 17.1.32328.378
MinimumVisualStudioVersion = 10.0.40219.1
Project("{FAE04EC0-301F-11D3-BF4B-00C04F79EFBC}") = "TestProjectForMindBox.Core", "TestProjectForMindBox.Core\TestProjectForMindBox.Core.csproj", "{A484D414-9B66-4545-84D4-17EBF674F288}"
EndProject
Project("{FAE04EC0-301F-11D3-BF4B-00C04F79EFBC}") = "TestProjectForMindBox", "TestProjectForMindBox\TestProjectForMindBox.csproj", "{22C70E65-8FEA-4C91-8C5C-6C11E389FFF1}"
EndProject
Project("{2150E333-8FDC-42A3-9474-1A3956D46DE8}") = "Tests", "Tests", "{43FA2B6A-921B-4DC1-9D6D-82C3FFEF9347}"
EndProject
Project("{FAE04EC0-301F-11D3-BF4B-00C04F79EFBC}") = "TestProjectForMindBox.Core.Test", "TestProjectForMindBox.Core.Test\TestProjectForMindBox.Core.Test.csproj", "{F5EA3B42-6922-4511-B03F-A9047CD87747}"
EndProject
Global
	GlobalSection(SolutionConfigurationPlatforms) = preSolution
		Debug|Any CPU = Debug|Any CPU
		Release|Any CPU = Release|Any CPU
	EndGlobalSection
	GlobalSection(ProjectConfigurationPlatforms) = postSolution
		{A484D414-9B66-4545-84D4-17EBF674F288}.Debug|Any CPU.ActiveCfg = Debug|Any CPU
		{A484D414-9B66-4545-84D4-17EBF674F288}.Debug|Any CPU.Build.0 = Debug|Any CPU
		{A484D414-9B66-4545-84D4-17EBF674F288}.Release|Any CPU.ActiveCfg = Release|Any CPU
		{A484D414-9B66-4545-84D4-17EBF674F288}.Release|Any CPU.Build.0 = Release|Any CPU
		{22C70E65-8FEA-4C91-8C5C-6C11E389FFF1}.Debug|Any CPU.ActiveCfg = Debug|Any CPU
		{22C70E65-8FEA-4C91-8C5C-6C11E389FFF1}.Debug|Any CPU.Build.0 = Debug|Any CPU
		{22C70E65-8FEA-4C91-8C5C-6C11E389FFF1}.Release|Any CPU.ActiveCfg = Release|Any CPU
		{22C70E65-8FEA-4C91-8C5C-6C11E389FFF1}.Release|Any CPU.Build.0 = Release|Any CPU
		{F5EA3B42-6922-4511-B03F-A9047CD87747}.Debug|Any CPU.ActiveCfg = Debug|Any CPU
		{F5EA3B42-6922-4511-B03F-A9047CD87747}.Debug|Any CPU.Build.0 = Debug|Any CPU
		{F5EA3B42-6922-4511-B03F-A9047CD87747}.Release|Any CPU.ActiveCfg = Release|Any CPU
		{F5EA3B42-6922-4511-B03F-A9047CD87747}.Release|Any CPU.Build.0 = Release|Any CPU
	EndGlobalSection
	GlobalSection(SolutionProperties) = preSolution
		HideSolutionNode = FALSE
	EndGlobalSection
	GlobalSection(NestedProjects) = preSolution
		{F5EA3B42-6922-4511-B03F-A9047CD87747} = {43FA2B6A-921B-4DC1-9D6D-82C3FFEF9347}
	EndGlobalSection
	GlobalSection(ExtensibilityGlobals) = postSolution
		SolutionGuid = {E8716420-517B-4DD4-8C25-A9A633C4CFDC}
	EndGlobalSection
EndGlobal
